// !$*UTF8*$!
{
	archiveVersion = 1;
	classes = {
	};
	objectVersion = 56;
	objects = {

/* Begin PBXBuildFile section */
		D8B0975429FCC25B007C6C12 /* WatchV1 Watch App.app in Embed Watch Content */ = {isa = PBXBuildFile; fileRef = D8B0975329FCC25B007C6C12 /* WatchV1 Watch App.app */; settings = {ATTRIBUTES = (RemoveHeadersOnCopy, ); }; };
		D8B0975929FCC25B007C6C12 /* WatchV1App.swift in Sources */ = {isa = PBXBuildFile; fileRef = D8B0975829FCC25B007C6C12 /* WatchV1App.swift */; };
		D8B0975B29FCC25B007C6C12 /* ContentView.swift in Sources */ = {isa = PBXBuildFile; fileRef = D8B0975A29FCC25B007C6C12 /* ContentView.swift */; };
		D8B0975D29FCC25D007C6C12 /* Assets.xcassets in Resources */ = {isa = PBXBuildFile; fileRef = D8B0975C29FCC25D007C6C12 /* Assets.xcassets */; };
		D8B0976029FCC25D007C6C12 /* Preview Assets.xcassets in Resources */ = {isa = PBXBuildFile; fileRef = D8B0975F29FCC25D007C6C12 /* Preview Assets.xcassets */; };
/* End PBXBuildFile section */

/* Begin PBXContainerItemProxy section */
		D8B0975529FCC25B007C6C12 /* PBXContainerItemProxy */ = {
			isa = PBXContainerItemProxy;
			containerPortal = D8B0974729FCC25B007C6C12 /* Project object */;
			proxyType = 1;
			remoteGlobalIDString = D8B0975229FCC25B007C6C12;
			remoteInfo = "WatchV1 Watch App";
		};
/* End PBXContainerItemProxy section */

/* Begin PBXCopyFilesBuildPhase section */
		D8B0976629FCC25D007C6C12 /* Embed Watch Content */ = {
			isa = PBXCopyFilesBuildPhase;
			buildActionMask = 2147483647;
			dstPath = "$(CONTENTS_FOLDER_PATH)/Watch";
			dstSubfolderSpec = 16;
			files = (
				D8B0975429FCC25B007C6C12 /* WatchV1 Watch App.app in Embed Watch Content */,
			);
			name = "Embed Watch Content";
			runOnlyForDeploymentPostprocessing = 0;
		};
/* End PBXCopyFilesBuildPhase section */

/* Begin PBXFileReference section */
		D8B0974D29FCC25B007C6C12 /* WatchV1.app */ = {isa = PBXFileReference; explicitFileType = wrapper.application; includeInIndex = 0; path = WatchV1.app; sourceTree = BUILT_PRODUCTS_DIR; };
		D8B0975329FCC25B007C6C12 /* WatchV1 Watch App.app */ = {isa = PBXFileReference; explicitFileType = wrapper.application; includeInIndex = 0; path = "WatchV1 Watch App.app"; sourceTree = BUILT_PRODUCTS_DIR; };
		D8B0975829FCC25B007C6C12 /* WatchV1App.swift */ = {isa = PBXFileReference; lastKnownFileType = sourcecode.swift; path = WatchV1App.swift; sourceTree = "<group>"; };
		D8B0975A29FCC25B007C6C12 /* ContentView.swift */ = {isa = PBXFileReference; lastKnownFileType = sourcecode.swift; path = ContentView.swift; sourceTree = "<group>"; };
		D8B0975C29FCC25D007C6C12 /* Assets.xcassets */ = {isa = PBXFileReference; lastKnownFileType = folder.assetcatalog; path = Assets.xcassets; sourceTree = "<group>"; };
		D8B0975F29FCC25D007C6C12 /* Preview Assets.xcassets */ = {isa = PBXFileReference; lastKnownFileType = folder.assetcatalog; path = "Preview Assets.xcassets"; sourceTree = "<group>"; };
/* End PBXFileReference section */

/* Begin PBXFrameworksBuildPhase section */
		D8B0975029FCC25B007C6C12 /* Frameworks */ = {
			isa = PBXFrameworksBuildPhase;
			buildActionMask = 2147483647;
			files = (
			);
			runOnlyForDeploymentPostprocessing = 0;
		};
/* End PBXFrameworksBuildPhase section */

/* Begin PBXGroup section */
		D8B0974629FCC25B007C6C12 = {
			isa = PBXGroup;
			children = (
				D8B0975729FCC25B007C6C12 /* WatchV1 Watch App */,
				D8B0974E29FCC25B007C6C12 /* Products */,
			);
			sourceTree = "<group>";
		};
		D8B0974E29FCC25B007C6C12 /* Products */ = {
			isa = PBXGroup;
			children = (
				D8B0974D29FCC25B007C6C12 /* WatchV1.app */,
				D8B0975329FCC25B007C6C12 /* WatchV1 Watch App.app */,
			);
			name = Products;
			sourceTree = "<group>";
		};
		D8B0975729FCC25B007C6C12 /* WatchV1 Watch App */ = {
			isa = PBXGroup;
			children = (
				D8B0975829FCC25B007C6C12 /* WatchV1App.swift */,
				D8B0975A29FCC25B007C6C12 /* ContentView.swift */,
				D8B0975C29FCC25D007C6C12 /* Assets.xcassets */,
				D8B0975E29FCC25D007C6C12 /* Preview Content */,
			);
			path = "WatchV1 Watch App";
			sourceTree = "<group>";
		};
		D8B0975E29FCC25D007C6C12 /* Preview Content */ = {
			isa = PBXGroup;
			children = (
				D8B0975F29FCC25D007C6C12 /* Preview Assets.xcassets */,
			);
			path = "Preview Content";
			sourceTree = "<group>";
		};
/* End PBXGroup section */

/* Begin PBXNativeTarget section */
		D8B0974C29FCC25B007C6C12 /* WatchV1 */ = {
			isa = PBXNativeTarget;
			buildConfigurationList = D8B0976729FCC25D007C6C12 /* Build configuration list for PBXNativeTarget "WatchV1" */;
			buildPhases = (
				D8B0974B29FCC25B007C6C12 /* Resources */,
				D8B0976629FCC25D007C6C12 /* Embed Watch Content */,
			);
			buildRules = (
			);
			dependencies = (
				D8B0975629FCC25B007C6C12 /* PBXTargetDependency */,
			);
			name = WatchV1;
			productName = WatchV1;
			productReference = D8B0974D29FCC25B007C6C12 /* WatchV1.app */;
			productType = "com.apple.product-type.application.watchapp2-container";
		};
		D8B0975229FCC25B007C6C12 /* WatchV1 Watch App */ = {
			isa = PBXNativeTarget;
			buildConfigurationList = D8B0976329FCC25D007C6C12 /* Build configuration list for PBXNativeTarget "WatchV1 Watch App" */;
			buildPhases = (
				D8B0974F29FCC25B007C6C12 /* Sources */,
				D8B0975029FCC25B007C6C12 /* Frameworks */,
				D8B0975129FCC25B007C6C12 /* Resources */,
			);
			buildRules = (
			);
			dependencies = (
			);
			name = "WatchV1 Watch App";
			productName = "WatchV1 Watch App";
			productReference = D8B0975329FCC25B007C6C12 /* WatchV1 Watch App.app */;
			productType = "com.apple.product-type.application";
		};
/* End PBXNativeTarget section */

/* Begin PBXProject section */
		D8B0974729FCC25B007C6C12 /* Project object */ = {
			isa = PBXProject;
			attributes = {
				BuildIndependentTargetsInParallel = 1;
				LastSwiftUpdateCheck = 1430;
				LastUpgradeCheck = 1430;
				TargetAttributes = {
					D8B0974C29FCC25B007C6C12 = {
						CreatedOnToolsVersion = 14.3;
					};
					D8B0975229FCC25B007C6C12 = {
						CreatedOnToolsVersion = 14.3;
					};
				};
			};
			buildConfigurationList = D8B0974A29FCC25B007C6C12 /* Build configuration list for PBXProject "WatchV1" */;
			compatibilityVersion = "Xcode 14.0";
			developmentRegion = en;
			hasScannedForEncodings = 0;
			knownRegions = (
				en,
				Base,
			);
			mainGroup = D8B0974629FCC25B007C6C12;
			productRefGroup = D8B0974E29FCC25B007C6C12 /* Products */;
			projectDirPath = "";
			projectRoot = "";
			targets = (
				D8B0974C29FCC25B007C6C12 /* WatchV1 */,
				D8B0975229FCC25B007C6C12 /* WatchV1 Watch App */,
			);
		};
/* End PBXProject section */

/* Begin PBXResourcesBuildPhase section */
		D8B0974B29FCC25B007C6C12 /* Resources */ = {
			isa = PBXResourcesBuildPhase;
			buildActionMask = 2147483647;
			files = (
			);
			runOnlyForDeploymentPostprocessing = 0;
		};
		D8B0975129FCC25B007C6C12 /* Resources */ = {
			isa = PBXResourcesBuildPhase;
			buildActionMask = 2147483647;
			files = (
				D8B0976029FCC25D007C6C12 /* Preview Assets.xcassets in Resources */,
				D8B0975D29FCC25D007C6C12 /* Assets.xcassets in Resources */,
			);
			runOnlyForDeploymentPostprocessing = 0;
		};
/* End PBXResourcesBuildPhase section */

/* Begin PBXSourcesBuildPhase section */
		D8B0974F29FCC25B007C6C12 /* Sources */ = {
			isa = PBXSourcesBuildPhase;
			buildActionMask = 2147483647;
			files = (
				D8B0975B29FCC25B007C6C12 /* ContentView.swift in Sources */,
				D8B0975929FCC25B007C6C12 /* WatchV1App.swift in Sources */,
			);
			runOnlyForDeploymentPostprocessing = 0;
		};
/* End PBXSourcesBuildPhase section */

/* Begin PBXTargetDependency section */
		D8B0975629FCC25B007C6C12 /* PBXTargetDependency */ = {
			isa = PBXTargetDependency;
			target = D8B0975229FCC25B007C6C12 /* WatchV1 Watch App */;
			targetProxy = D8B0975529FCC25B007C6C12 /* PBXContainerItemProxy */;
		};
/* End PBXTargetDependency section */

/* Begin XCBuildConfiguration section */
		D8B0976129FCC25D007C6C12 /* Debug */ = {
			isa = XCBuildConfiguration;
			buildSettings = {
				ALWAYS_SEARCH_USER_PATHS = NO;
				CLANG_ANALYZER_NONNULL = YES;
				CLANG_ANALYZER_NUMBER_OBJECT_CONVERSION = YES_AGGRESSIVE;
				CLANG_CXX_LANGUAGE_STANDARD = "gnu++20";
				CLANG_ENABLE_MODULES = YES;
				CLANG_ENABLE_OBJC_ARC = YES;
				CLANG_ENABLE_OBJC_WEAK = YES;
				CLANG_WARN_BLOCK_CAPTURE_AUTORELEASING = YES;
				CLANG_WARN_BOOL_CONVERSION = YES;
				CLANG_WARN_COMMA = YES;
				CLANG_WARN_CONSTANT_CONVERSION = YES;
				CLANG_WARN_DEPRECATED_OBJC_IMPLEMENTATIONS = YES;
				CLANG_WARN_DIRECT_OBJC_ISA_USAGE = YES_ERROR;
				CLANG_WARN_DOCUMENTATION_COMMENTS = YES;
				CLANG_WARN_EMPTY_BODY = YES;
				CLANG_WARN_ENUM_CONVERSION = YES;
				CLANG_WARN_INFINITE_RECURSION = YES;
				CLANG_WARN_INT_CONVERSION = YES;
				CLANG_WARN_NON_LITERAL_NULL_CONVERSION = YES;
				CLANG_WARN_OBJC_IMPLICIT_RETAIN_SELF = YES;
				CLANG_WARN_OBJC_LITERAL_CONVERSION = YES;
				CLANG_WARN_OBJC_ROOT_CLASS = YES_ERROR;
				CLANG_WARN_QUOTED_INCLUDE_IN_FRAMEWORK_HEADER = YES;
				CLANG_WARN_RANGE_LOOP_ANALYSIS = YES;
				CLANG_WARN_STRICT_PROTOTYPES = YES;
				CLANG_WARN_SUSPICIOUS_MOVE = YES;
				CLANG_WARN_UNGUARDED_AVAILABILITY = YES_AGGRESSIVE;
				CLANG_WARN_UNREACHABLE_CODE = YES;
				CLANG_WARN__DUPLICATE_METHOD_MATCH = YES;
				COPY_PHASE_STRIP = NO;
				DEBUG_INFORMATION_FORMAT = dwarf;
				ENABLE_STRICT_OBJC_MSGSEND = YES;
				ENABLE_TESTABILITY = YES;
				GCC_C_LANGUAGE_STANDARD = gnu11;
				GCC_DYNAMIC_NO_PIC = NO;
				GCC_NO_COMMON_BLOCKS = YES;
				GCC_OPTIMIZATION_LEVEL = 0;
				GCC_PREPROCESSOR_DEFINITIONS = (
					"DEBUG=1",
					"$(inherited)",
				);
				GCC_WARN_64_TO_32_BIT_CONVERSION = YES;
				GCC_WARN_ABOUT_RETURN_TYPE = YES_ERROR;
				GCC_WARN_UNDECLARED_SELECTOR = YES;
				GCC_WARN_UNINITIALIZED_AUTOS = YES_AGGRESSIVE;
				GCC_WARN_UNUSED_FUNCTION = YES;
				GCC_WARN_UNUSED_VARIABLE = YES;
				MTL_ENABLE_DEBUG_INFO = INCLUDE_SOURCE;
				MTL_FAST_MATH = YES;
				ONLY_ACTIVE_ARCH = YES;
				SWIFT_ACTIVE_COMPILATION_CONDITIONS = DEBUG;
				SWIFT_OPTIMIZATION_LEVEL = "-Onone";
			};
			name = Debug;
		};
		D8B0976229FCC25D007C6C12 /* Release */ = {
			isa = XCBuildConfiguration;
			buildSettings = {
				ALWAYS_SEARCH_USER_PATHS = NO;
				CLANG_ANALYZER_NONNULL = YES;
				CLANG_ANALYZER_NUMBER_OBJECT_CONVERSION = YES_AGGRESSIVE;
				CLANG_CXX_LANGUAGE_STANDARD = "gnu++20";
				CLANG_ENABLE_MODULES = YES;
				CLANG_ENABLE_OBJC_ARC = YES;
				CLANG_ENABLE_OBJC_WEAK = YES;
				CLANG_WARN_BLOCK_CAPTURE_AUTORELEASING = YES;
				CLANG_WARN_BOOL_CONVERSION = YES;
				CLANG_WARN_COMMA = YES;
				CLANG_WARN_CONSTANT_CONVERSION = YES;
				CLANG_WARN_DEPRECATED_OBJC_IMPLEMENTATIONS = YES;
				CLANG_WARN_DIRECT_OBJC_ISA_USAGE = YES_ERROR;
				CLANG_WARN_DOCUMENTATION_COMMENTS = YES;
				CLANG_WARN_EMPTY_BODY = YES;
				CLANG_WARN_ENUM_CONVERSION = YES;
				CLANG_WARN_INFINITE_RECURSION = YES;
				CLANG_WARN_INT_CONVERSION = YES;
				CLANG_WARN_NON_LITERAL_NULL_CONVERSION = YES;
				CLANG_WARN_OBJC_IMPLICIT_RETAIN_SELF = YES;
				CLANG_WARN_OBJC_LITERAL_CONVERSION = YES;
				CLANG_WARN_OBJC_ROOT_CLASS = YES_ERROR;
				CLANG_WARN_QUOTED_INCLUDE_IN_FRAMEWORK_HEADER = YES;
				CLANG_WARN_RANGE_LOOP_ANALYSIS = YES;
				CLANG_WARN_STRICT_PROTOTYPES = YES;
				CLANG_WARN_SUSPICIOUS_MOVE = YES;
				CLANG_WARN_UNGUARDED_AVAILABILITY = YES_AGGRESSIVE;
				CLANG_WARN_UNREACHABLE_CODE = YES;
				CLANG_WARN__DUPLICATE_METHOD_MATCH = YES;
				COPY_PHASE_STRIP = NO;
				DEBUG_INFORMATION_FORMAT = "dwarf-with-dsym";
				ENABLE_NS_ASSERTIONS = NO;
				ENABLE_STRICT_OBJC_MSGSEND = YES;
				GCC_C_LANGUAGE_STANDARD = gnu11;
				GCC_NO_COMMON_BLOCKS = YES;
				GCC_WARN_64_TO_32_BIT_CONVERSION = YES;
				GCC_WARN_ABOUT_RETURN_TYPE = YES_ERROR;
				GCC_WARN_UNDECLARED_SELECTOR = YES;
				GCC_WARN_UNINITIALIZED_AUTOS = YES_AGGRESSIVE;
				GCC_WARN_UNUSED_FUNCTION = YES;
				GCC_WARN_UNUSED_VARIABLE = YES;
				MTL_ENABLE_DEBUG_INFO = NO;
				MTL_FAST_MATH = YES;
				SWIFT_COMPILATION_MODE = wholemodule;
				SWIFT_OPTIMIZATION_LEVEL = "-O";
			};
			name = Release;
		};
		D8B0976429FCC25D007C6C12 /* Debug */ = {
			isa = XCBuildConfiguration;
			buildSettings = {
				ASSETCATALOG_COMPILER_APPICON_NAME = AppIcon;
				ASSETCATALOG_COMPILER_GLOBAL_ACCENT_COLOR_NAME = AccentColor;
				CODE_SIGN_STYLE = Automatic;
				CURRENT_PROJECT_VERSION = 1;
				DEVELOPMENT_ASSET_PATHS = "\"WatchV1 Watch App/Preview Content\"";
				DEVELOPMENT_TEAM = 9R2XSL2WT4;
				ENABLE_PREVIEWS = YES;
				GENERATE_INFOPLIST_FILE = YES;
				INFOPLIST_KEY_CFBundleDisplayName = WatchV1;
				INFOPLIST_KEY_UISupportedInterfaceOrientations = "UIInterfaceOrientationPortrait UIInterfaceOrientationPortraitUpsideDown";
				INFOPLIST_KEY_WKWatchOnly = YES;
				LD_RUNPATH_SEARCH_PATHS = (
					"$(inherited)",
					"@executable_path/Frameworks",
				);
				MARKETING_VERSION = 1.0;
				PRODUCT_BUNDLE_IDENTIFIER = "Nicholas-Pompea.WatchV1.watchkitapp";
				PRODUCT_NAME = "$(TARGET_NAME)";
				SDKROOT = watchos;
				SKIP_INSTALL = YES;
				SWIFT_EMIT_LOC_STRINGS = YES;
				SWIFT_VERSION = 5.0;
				TARGETED_DEVICE_FAMILY = 4;
				WATCHOS_DEPLOYMENT_TARGET = 9.4;
			};
			name = Debug;
		};
		D8B0976529FCC25D007C6C12 /* Release */ = {
			isa = XCBuildConfiguration;
			buildSettings = {
				ASSETCATALOG_COMPILER_APPICON_NAME = AppIcon;
				ASSETCATALOG_COMPILER_GLOBAL_ACCENT_COLOR_NAME = AccentColor;
				CODE_SIGN_STYLE = Automatic;
				CURRENT_PROJECT_VERSION = 1;
				DEVELOPMENT_ASSET_PATHS = "\"WatchV1 Watch App/Preview Content\"";
				DEVELOPMENT_TEAM = 9R2XSL2WT4;
				ENABLE_PREVIEWS = YES;
				GENERATE_INFOPLIST_FILE = YES;
				INFOPLIST_KEY_CFBundleDisplayName = WatchV1;
				INFOPLIST_KEY_UISupportedInterfaceOrientations = "UIInterfaceOrientationPortrait UIInterfaceOrientationPortraitUpsideDown";
				INFOPLIST_KEY_WKWatchOnly = YES;
				LD_RUNPATH_SEARCH_PATHS = (
					"$(inherited)",
					"@executable_path/Frameworks",
				);
				MARKETING_VERSION = 1.0;
				PRODUCT_BUNDLE_IDENTIFIER = "Nicholas-Pompea.WatchV1.watchkitapp";
				PRODUCT_NAME = "$(TARGET_NAME)";
				SDKROOT = watchos;
				SKIP_INSTALL = YES;
				SWIFT_EMIT_LOC_STRINGS = YES;
				SWIFT_VERSION = 5.0;
				TARGETED_DEVICE_FAMILY = 4;
				VALIDATE_PRODUCT = YES;
				WATCHOS_DEPLOYMENT_TARGET = 9.4;
			};
			name = Release;
		};
		D8B0976829FCC25D007C6C12 /* Debug */ = {
			isa = XCBuildConfiguration;
			buildSettings = {
				ALWAYS_EMBED_SWIFT_STANDARD_LIBRARIES = YES;
				CODE_SIGN_STYLE = Automatic;
				CURRENT_PROJECT_VERSION = 1;
				DEVELOPMENT_TEAM = 9R2XSL2WT4;
				INFOPLIST_KEY_CFBundleDisplayName = WatchV1;
				MARKETING_VERSION = 1.0;
				PRODUCT_BUNDLE_IDENTIFIER = "Nicholas-Pompea.WatchV1";
				PRODUCT_NAME = "$(TARGET_NAME)";
				SDKROOT = iphoneos;
				SWIFT_VERSION = 5.0;
			};
			name = Debug;
		};
		D8B0976929FCC25D007C6C12 /* Release */ = {
			isa = XCBuildConfiguration;
			buildSettings = {
				ALWAYS_EMBED_SWIFT_STANDARD_LIBRARIES = YES;
				CODE_SIGN_STYLE = Automatic;
				CURRENT_PROJECT_VERSION = 1;
				DEVELOPMENT_TEAM = 9R2XSL2WT4;
				INFOPLIST_KEY_CFBundleDisplayName = WatchV1;
				MARKETING_VERSION = 1.0;
				PRODUCT_BUNDLE_IDENTIFIER = "Nicholas-Pompea.WatchV1";
				PRODUCT_NAME = "$(TARGET_NAME)";
				SDKROOT = iphoneos;
				SWIFT_VERSION = 5.0;
				VALIDATE_PRODUCT = YES;
			};
			name = Release;
		};
/* End XCBuildConfiguration section */

/* Begin XCConfigurationList section */
		D8B0974A29FCC25B007C6C12 /* Build configuration list for PBXProject "WatchV1" */ = {
			isa = XCConfigurationList;
			buildConfigurations = (
				D8B0976129FCC25D007C6C12 /* Debug */,
				D8B0976229FCC25D007C6C12 /* Release */,
			);
			defaultConfigurationIsVisible = 0;
			defaultConfigurationName = Release;
		};
		D8B0976329FCC25D007C6C12 /* Build configuration list for PBXNativeTarget "WatchV1 Watch App" */ = {
			isa = XCConfigurationList;
			buildConfigurations = (
				D8B0976429FCC25D007C6C12 /* Debug */,
				D8B0976529FCC25D007C6C12 /* Release */,
			);
			defaultConfigurationIsVisible = 0;
			defaultConfigurationName = Release;
		};
		D8B0976729FCC25D007C6C12 /* Build configuration list for PBXNativeTarget "WatchV1" */ = {
			isa = XCConfigurationList;
			buildConfigurations = (
				D8B0976829FCC25D007C6C12 /* Debug */,
				D8B0976929FCC25D007C6C12 /* Release */,
			);
			defaultConfigurationIsVisible = 0;
			defaultConfigurationName = Release;
		};
/* End XCConfigurationList section */
	};
	rootObject = D8B0974729FCC25B007C6C12 /* Project object */;
}
